// !$*UTF8*$!
{
	archiveVersion = 1;
	classes = {
	};
	objectVersion = 56;
	objects = {

/* Begin PBXBuildFile section */
		BD11A1022A2F816600AC2750 /* Constants.swift in Sources */ = {isa = PBXBuildFile; fileRef = BD11A1012A2F816600AC2750 /* Constants.swift */; };
		BDAA76BE2A307DF100E43B08 /* ConfigurationItemView.swift in Sources */ = {isa = PBXBuildFile; fileRef = BDAA76BD2A307DF100E43B08 /* ConfigurationItemView.swift */; };
		BDAA76C02A308F4100E43B08 /* ColorStorage.swift in Sources */ = {isa = PBXBuildFile; fileRef = BDAA76BF2A308F4100E43B08 /* ColorStorage.swift */; };
		BDAA76C22A308FC500E43B08 /* ImageStorage.swift in Sources */ = {isa = PBXBuildFile; fileRef = BDAA76C12A308FC500E43B08 /* ImageStorage.swift */; };
		BDAA76C82A31F1FB00E43B08 /* AboutScreen.swift in Sources */ = {isa = PBXBuildFile; fileRef = BDAA76C72A31F1FB00E43B08 /* AboutScreen.swift */; };
		BDAA76CA2A31FC7200E43B08 /* Reachability.swift in Sources */ = {isa = PBXBuildFile; fileRef = BDAA76C92A31FC7200E43B08 /* Reachability.swift */; };
		BDAA77032A32047A00E43B08 /* about.PNG in Resources */ = {isa = PBXBuildFile; fileRef = BDAA76F82A32047A00E43B08 /* about.PNG */; };
		BDAA77042A32047A00E43B08 /* extreme hot.PNG in Resources */ = {isa = PBXBuildFile; fileRef = BDAA76F92A32047A00E43B08 /* extreme hot.PNG */; };
		BDAA77052A32047A00E43B08 /* configuration.PNG in Resources */ = {isa = PBXBuildFile; fileRef = BDAA76FA2A32047A00E43B08 /* configuration.PNG */; };
		BDAA77062A32047A00E43B08 /* extreme cold.PNG in Resources */ = {isa = PBXBuildFile; fileRef = BDAA76FB2A32047A00E43B08 /* extreme cold.PNG */; };
		BDAA77072A32047A00E43B08 /* cold.PNG in Resources */ = {isa = PBXBuildFile; fileRef = BDAA76FC2A32047A00E43B08 /* cold.PNG */; };
		BDAA77082A32047A00E43B08 /* cool.PNG in Resources */ = {isa = PBXBuildFile; fileRef = BDAA76FD2A32047A00E43B08 /* cool.PNG */; };
		BDAA77092A32047A00E43B08 /* hot.PNG in Resources */ = {isa = PBXBuildFile; fileRef = BDAA76FE2A32047A00E43B08 /* hot.PNG */; };
		BDAA770A2A32047A00E43B08 /* no internet.PNG in Resources */ = {isa = PBXBuildFile; fileRef = BDAA76FF2A32047A00E43B08 /* no internet.PNG */; };
		BDAA770B2A32047A00E43B08 /* freezing.PNG in Resources */ = {isa = PBXBuildFile; fileRef = BDAA77002A32047A00E43B08 /* freezing.PNG */; };
		BDAA770C2A32047A00E43B08 /* too hot.PNG in Resources */ = {isa = PBXBuildFile; fileRef = BDAA77012A32047A00E43B08 /* too hot.PNG */; };
		BDAA770D2A32047A00E43B08 /* warm.PNG in Resources */ = {isa = PBXBuildFile; fileRef = BDAA77022A32047A00E43B08 /* warm.PNG */; };
		BDB61B4A2A2B2FC50028C0F2 /* WeatherAppSwiftUIApp.swift in Sources */ = {isa = PBXBuildFile; fileRef = BDB61B492A2B2FC50028C0F2 /* WeatherAppSwiftUIApp.swift */; };
		BDB61B4C2A2B2FC50028C0F2 /* WeatherView.swift in Sources */ = {isa = PBXBuildFile; fileRef = BDB61B4B2A2B2FC50028C0F2 /* WeatherView.swift */; };
		BDB61B4E2A2B2FC70028C0F2 /* Assets.xcassets in Resources */ = {isa = PBXBuildFile; fileRef = BDB61B4D2A2B2FC70028C0F2 /* Assets.xcassets */; };
		BDB61B512A2B2FC70028C0F2 /* Preview Assets.xcassets in Resources */ = {isa = PBXBuildFile; fileRef = BDB61B502A2B2FC70028C0F2 /* Preview Assets.xcassets */; };
		BDB61B592A2B311E0028C0F2 /* WeatherViewModel.swift in Sources */ = {isa = PBXBuildFile; fileRef = BDB61B582A2B311E0028C0F2 /* WeatherViewModel.swift */; };
		BDB61B5B2A2B337A0028C0F2 /* APIManager.swift in Sources */ = {isa = PBXBuildFile; fileRef = BDB61B5A2A2B337A0028C0F2 /* APIManager.swift */; };
		BDB61B5D2A2C81B80028C0F2 /* ConfigurationView.swift in Sources */ = {isa = PBXBuildFile; fileRef = BDB61B5C2A2C81B80028C0F2 /* ConfigurationView.swift */; };
		BDB61B5F2A2C81F00028C0F2 /* ConfigurationViewModel.swift in Sources */ = {isa = PBXBuildFile; fileRef = BDB61B5E2A2C81F00028C0F2 /* ConfigurationViewModel.swift */; };
		BDB61B612A2CE7800028C0F2 /* CustomTextField.swift in Sources */ = {isa = PBXBuildFile; fileRef = BDB61B602A2CE7800028C0F2 /* CustomTextField.swift */; };
		BDB61B642A2CE9160028C0F2 /* WeatherStepper.swift in Sources */ = {isa = PBXBuildFile; fileRef = BDB61B632A2CE9160028C0F2 /* WeatherStepper.swift */; };
		BDB61B662A2DDE2E0028C0F2 /* Extensions.swift in Sources */ = {isa = PBXBuildFile; fileRef = BDB61B652A2DDE2E0028C0F2 /* Extensions.swift */; };
/* End PBXBuildFile section */

/* Begin PBXFileReference section */
		BD11A1012A2F816600AC2750 /* Constants.swift */ = {isa = PBXFileReference; lastKnownFileType = sourcecode.swift; path = Constants.swift; sourceTree = "<group>"; };
		BDAA76BD2A307DF100E43B08 /* ConfigurationItemView.swift */ = {isa = PBXFileReference; lastKnownFileType = sourcecode.swift; path = ConfigurationItemView.swift; sourceTree = "<group>"; };
		BDAA76BF2A308F4100E43B08 /* ColorStorage.swift */ = {isa = PBXFileReference; lastKnownFileType = sourcecode.swift; path = ColorStorage.swift; sourceTree = "<group>"; };
		BDAA76C12A308FC500E43B08 /* ImageStorage.swift */ = {isa = PBXFileReference; lastKnownFileType = sourcecode.swift; path = ImageStorage.swift; sourceTree = "<group>"; };
		BDAA76C62A31EC2900E43B08 /* Info.plist */ = {isa = PBXFileReference; lastKnownFileType = text.plist; path = Info.plist; sourceTree = "<group>"; };
		BDAA76C72A31F1FB00E43B08 /* AboutScreen.swift */ = {isa = PBXFileReference; lastKnownFileType = sourcecode.swift; path = AboutScreen.swift; sourceTree = "<group>"; };
		BDAA76C92A31FC7200E43B08 /* Reachability.swift */ = {isa = PBXFileReference; lastKnownFileType = sourcecode.swift; path = Reachability.swift; sourceTree = "<group>"; };
		BDAA76F82A32047A00E43B08 /* about.PNG */ = {isa = PBXFileReference; lastKnownFileType = image.png; path = about.PNG; sourceTree = "<group>"; };
		BDAA76F92A32047A00E43B08 /* extreme hot.PNG */ = {isa = PBXFileReference; lastKnownFileType = image.png; path = "extreme hot.PNG"; sourceTree = "<group>"; };
		BDAA76FA2A32047A00E43B08 /* configuration.PNG */ = {isa = PBXFileReference; lastKnownFileType = image.png; path = configuration.PNG; sourceTree = "<group>"; };
		BDAA76FB2A32047A00E43B08 /* extreme cold.PNG */ = {isa = PBXFileReference; lastKnownFileType = image.png; path = "extreme cold.PNG"; sourceTree = "<group>"; };
		BDAA76FC2A32047A00E43B08 /* cold.PNG */ = {isa = PBXFileReference; lastKnownFileType = image.png; path = cold.PNG; sourceTree = "<group>"; };
		BDAA76FD2A32047A00E43B08 /* cool.PNG */ = {isa = PBXFileReference; lastKnownFileType = image.png; path = cool.PNG; sourceTree = "<group>"; };
		BDAA76FE2A32047A00E43B08 /* hot.PNG */ = {isa = PBXFileReference; lastKnownFileType = image.png; path = hot.PNG; sourceTree = "<group>"; };
		BDAA76FF2A32047A00E43B08 /* no internet.PNG */ = {isa = PBXFileReference; lastKnownFileType = image.png; path = "no internet.PNG"; sourceTree = "<group>"; };
		BDAA77002A32047A00E43B08 /* freezing.PNG */ = {isa = PBXFileReference; lastKnownFileType = image.png; path = freezing.PNG; sourceTree = "<group>"; };
		BDAA77012A32047A00E43B08 /* too hot.PNG */ = {isa = PBXFileReference; lastKnownFileType = image.png; path = "too hot.PNG"; sourceTree = "<group>"; };
		BDAA77022A32047A00E43B08 /* warm.PNG */ = {isa = PBXFileReference; lastKnownFileType = image.png; path = warm.PNG; sourceTree = "<group>"; };
		BDB61B462A2B2FC50028C0F2 /* WeatherAppSwiftUI.app */ = {isa = PBXFileReference; explicitFileType = wrapper.application; includeInIndex = 0; path = WeatherAppSwiftUI.app; sourceTree = BUILT_PRODUCTS_DIR; };
		BDB61B492A2B2FC50028C0F2 /* WeatherAppSwiftUIApp.swift */ = {isa = PBXFileReference; lastKnownFileType = sourcecode.swift; path = WeatherAppSwiftUIApp.swift; sourceTree = "<group>"; };
		BDB61B4B2A2B2FC50028C0F2 /* WeatherView.swift */ = {isa = PBXFileReference; lastKnownFileType = sourcecode.swift; path = WeatherView.swift; sourceTree = "<group>"; };
		BDB61B4D2A2B2FC70028C0F2 /* Assets.xcassets */ = {isa = PBXFileReference; lastKnownFileType = folder.assetcatalog; path = Assets.xcassets; sourceTree = "<group>"; };
		BDB61B502A2B2FC70028C0F2 /* Preview Assets.xcassets */ = {isa = PBXFileReference; lastKnownFileType = folder.assetcatalog; path = "Preview Assets.xcassets"; sourceTree = "<group>"; };
		BDB61B582A2B311E0028C0F2 /* WeatherViewModel.swift */ = {isa = PBXFileReference; lastKnownFileType = sourcecode.swift; path = WeatherViewModel.swift; sourceTree = "<group>"; };
		BDB61B5A2A2B337A0028C0F2 /* APIManager.swift */ = {isa = PBXFileReference; lastKnownFileType = sourcecode.swift; path = APIManager.swift; sourceTree = "<group>"; };
		BDB61B5C2A2C81B80028C0F2 /* ConfigurationView.swift */ = {isa = PBXFileReference; lastKnownFileType = sourcecode.swift; path = ConfigurationView.swift; sourceTree = "<group>"; };
		BDB61B5E2A2C81F00028C0F2 /* ConfigurationViewModel.swift */ = {isa = PBXFileReference; lastKnownFileType = sourcecode.swift; path = ConfigurationViewModel.swift; sourceTree = "<group>"; };
		BDB61B602A2CE7800028C0F2 /* CustomTextField.swift */ = {isa = PBXFileReference; lastKnownFileType = sourcecode.swift; path = CustomTextField.swift; sourceTree = "<group>"; };
		BDB61B632A2CE9160028C0F2 /* WeatherStepper.swift */ = {isa = PBXFileReference; lastKnownFileType = sourcecode.swift; path = WeatherStepper.swift; sourceTree = "<group>"; };
		BDB61B652A2DDE2E0028C0F2 /* Extensions.swift */ = {isa = PBXFileReference; lastKnownFileType = sourcecode.swift; path = Extensions.swift; sourceTree = "<group>"; };
/* End PBXFileReference section */

/* Begin PBXFrameworksBuildPhase section */
		BDB61B432A2B2FC50028C0F2 /* Frameworks */ = {
			isa = PBXFrameworksBuildPhase;
			buildActionMask = 2147483647;
			files = (
			);
			runOnlyForDeploymentPostprocessing = 0;
		};
/* End PBXFrameworksBuildPhase section */

/* Begin PBXGroup section */
		BDAA76C32A30A1BA00E43B08 /* WeatherScreen */ = {
			isa = PBXGroup;
			children = (
				BDB61B4B2A2B2FC50028C0F2 /* WeatherView.swift */,
				BDB61B582A2B311E0028C0F2 /* WeatherViewModel.swift */,
			);
			path = WeatherScreen;
			sourceTree = "<group>";
		};
		BDAA76C42A30A1C900E43B08 /* ConfigurationScreen */ = {
			isa = PBXGroup;
			children = (
				BDB61B5C2A2C81B80028C0F2 /* ConfigurationView.swift */,
				BDB61B5E2A2C81F00028C0F2 /* ConfigurationViewModel.swift */,
				BDB61B622A2CE8CB0028C0F2 /* Custom Views */,
			);
			path = ConfigurationScreen;
			sourceTree = "<group>";
		};
		BDAA76C52A30A1E700E43B08 /* Utilities */ = {
			isa = PBXGroup;
			children = (
				BDB61B5A2A2B337A0028C0F2 /* APIManager.swift */,
				BDB61B652A2DDE2E0028C0F2 /* Extensions.swift */,
				BD11A1012A2F816600AC2750 /* Constants.swift */,
				BDAA76BF2A308F4100E43B08 /* ColorStorage.swift */,
				BDAA76C12A308FC500E43B08 /* ImageStorage.swift */,
				BDAA76C92A31FC7200E43B08 /* Reachability.swift */,
			);
			path = Utilities;
			sourceTree = "<group>";
		};
		BDAA76CB2A31FEFC00E43B08 /* Screenshots */ = {
			isa = PBXGroup;
			children = (
				BDAA76F82A32047A00E43B08 /* about.PNG */,
				BDAA76FC2A32047A00E43B08 /* cold.PNG */,
				BDAA76FA2A32047A00E43B08 /* configuration.PNG */,
				BDAA76FD2A32047A00E43B08 /* cool.PNG */,
				BDAA76FB2A32047A00E43B08 /* extreme cold.PNG */,
				BDAA76F92A32047A00E43B08 /* extreme hot.PNG */,
				BDAA77002A32047A00E43B08 /* freezing.PNG */,
				BDAA76FE2A32047A00E43B08 /* hot.PNG */,
				BDAA76FF2A32047A00E43B08 /* no internet.PNG */,
				BDAA77012A32047A00E43B08 /* too hot.PNG */,
				BDAA77022A32047A00E43B08 /* warm.PNG */,
			);
			path = Screenshots;
			sourceTree = "<group>";
		};
		BDB61B3D2A2B2FC50028C0F2 = {
			isa = PBXGroup;
			children = (
				BDB61B482A2B2FC50028C0F2 /* WeatherAppSwiftUI */,
				BDB61B472A2B2FC50028C0F2 /* Products */,
			);
			sourceTree = "<group>";
		};
		BDB61B472A2B2FC50028C0F2 /* Products */ = {
			isa = PBXGroup;
			children = (
				BDB61B462A2B2FC50028C0F2 /* WeatherAppSwiftUI.app */,
			);
			name = Products;
			sourceTree = "<group>";
		};
		BDB61B482A2B2FC50028C0F2 /* WeatherAppSwiftUI */ = {
			isa = PBXGroup;
			children = (
				BDAA76C72A31F1FB00E43B08 /* AboutScreen.swift */,
				BDAA76C32A30A1BA00E43B08 /* WeatherScreen */,
				BDAA76C42A30A1C900E43B08 /* ConfigurationScreen */,
				BDAA76C52A30A1E700E43B08 /* Utilities */,
				BDB61B572A2B2FE60028C0F2 /* Supporting Files */,
				BDB61B4F2A2B2FC70028C0F2 /* Preview Content */,
				BDAA76CB2A31FEFC00E43B08 /* Screenshots */,
				BDAA76C62A31EC2900E43B08 /* Info.plist */,
			);
			path = WeatherAppSwiftUI;
			sourceTree = "<group>";
		};
		BDB61B4F2A2B2FC70028C0F2 /* Preview Content */ = {
			isa = PBXGroup;
			children = (
				BDB61B502A2B2FC70028C0F2 /* Preview Assets.xcassets */,
			);
			path = "Preview Content";
			sourceTree = "<group>";
		};
		BDB61B572A2B2FE60028C0F2 /* Supporting Files */ = {
			isa = PBXGroup;
			children = (
				BDB61B492A2B2FC50028C0F2 /* WeatherAppSwiftUIApp.swift */,
				BDB61B4D2A2B2FC70028C0F2 /* Assets.xcassets */,
			);
			path = "Supporting Files";
			sourceTree = "<group>";
		};
		BDB61B622A2CE8CB0028C0F2 /* Custom Views */ = {
			isa = PBXGroup;
			children = (
				BDAA76BD2A307DF100E43B08 /* ConfigurationItemView.swift */,
				BDB61B602A2CE7800028C0F2 /* CustomTextField.swift */,
				BDB61B632A2CE9160028C0F2 /* WeatherStepper.swift */,
			);
			path = "Custom Views";
			sourceTree = "<group>";
		};
/* End PBXGroup section */

/* Begin PBXNativeTarget section */
		BDB61B452A2B2FC50028C0F2 /* WeatherAppSwiftUI */ = {
			isa = PBXNativeTarget;
			buildConfigurationList = BDB61B542A2B2FC70028C0F2 /* Build configuration list for PBXNativeTarget "WeatherAppSwiftUI" */;
			buildPhases = (
				BDB61B422A2B2FC50028C0F2 /* Sources */,
				BDB61B432A2B2FC50028C0F2 /* Frameworks */,
				BDB61B442A2B2FC50028C0F2 /* Resources */,
			);
			buildRules = (
			);
			dependencies = (
			);
			name = WeatherAppSwiftUI;
			productName = WeatherAppSwiftUI;
			productReference = BDB61B462A2B2FC50028C0F2 /* WeatherAppSwiftUI.app */;
			productType = "com.apple.product-type.application";
		};
/* End PBXNativeTarget section */

/* Begin PBXProject section */
		BDB61B3E2A2B2FC50028C0F2 /* Project object */ = {
			isa = PBXProject;
			attributes = {
				BuildIndependentTargetsInParallel = 1;
				LastSwiftUpdateCheck = 1430;
				LastUpgradeCheck = 1430;
				TargetAttributes = {
					BDB61B452A2B2FC50028C0F2 = {
						CreatedOnToolsVersion = 14.3;
					};
				};
			};
			buildConfigurationList = BDB61B412A2B2FC50028C0F2 /* Build configuration list for PBXProject "WeatherAppSwiftUI" */;
			compatibilityVersion = "Xcode 14.0";
			developmentRegion = en;
			hasScannedForEncodings = 0;
			knownRegions = (
				en,
				Base,
			);
			mainGroup = BDB61B3D2A2B2FC50028C0F2;
			productRefGroup = BDB61B472A2B2FC50028C0F2 /* Products */;
			projectDirPath = "";
			projectRoot = "";
			targets = (
				BDB61B452A2B2FC50028C0F2 /* WeatherAppSwiftUI */,
			);
		};
/* End PBXProject section */

/* Begin PBXResourcesBuildPhase section */
		BDB61B442A2B2FC50028C0F2 /* Resources */ = {
			isa = PBXResourcesBuildPhase;
			buildActionMask = 2147483647;
			files = (
				BDAA770B2A32047A00E43B08 /* freezing.PNG in Resources */,
				BDAA77082A32047A00E43B08 /* cool.PNG in Resources */,
				BDB61B512A2B2FC70028C0F2 /* Preview Assets.xcassets in Resources */,
				BDAA770A2A32047A00E43B08 /* no internet.PNG in Resources */,
				BDAA77072A32047A00E43B08 /* cold.PNG in Resources */,
				BDAA77092A32047A00E43B08 /* hot.PNG in Resources */,
				BDB61B4E2A2B2FC70028C0F2 /* Assets.xcassets in Resources */,
				BDAA770D2A32047A00E43B08 /* warm.PNG in Resources */,
				BDAA770C2A32047A00E43B08 /* too hot.PNG in Resources */,
				BDAA77052A32047A00E43B08 /* configuration.PNG in Resources */,
				BDAA77062A32047A00E43B08 /* extreme cold.PNG in Resources */,
				BDAA77032A32047A00E43B08 /* about.PNG in Resources */,
				BDAA77042A32047A00E43B08 /* extreme hot.PNG in Resources */,
			);
			runOnlyForDeploymentPostprocessing = 0;
		};
/* End PBXResourcesBuildPhase section */

/* Begin PBXSourcesBuildPhase section */
		BDB61B422A2B2FC50028C0F2 /* Sources */ = {
			isa = PBXSourcesBuildPhase;
			buildActionMask = 2147483647;
			files = (
				BDB61B5B2A2B337A0028C0F2 /* APIManager.swift in Sources */,
				BDAA76C02A308F4100E43B08 /* ColorStorage.swift in Sources */,
				BDB61B662A2DDE2E0028C0F2 /* Extensions.swift in Sources */,
				BDB61B612A2CE7800028C0F2 /* CustomTextField.swift in Sources */,
				BDAA76BE2A307DF100E43B08 /* ConfigurationItemView.swift in Sources */,
				BDB61B642A2CE9160028C0F2 /* WeatherStepper.swift in Sources */,
				BDB61B5F2A2C81F00028C0F2 /* ConfigurationViewModel.swift in Sources */,
				BD11A1022A2F816600AC2750 /* Constants.swift in Sources */,
				BDAA76CA2A31FC7200E43B08 /* Reachability.swift in Sources */,
				BDAA76C82A31F1FB00E43B08 /* AboutScreen.swift in Sources */,
				BDAA76C22A308FC500E43B08 /* ImageStorage.swift in Sources */,
				BDB61B5D2A2C81B80028C0F2 /* ConfigurationView.swift in Sources */,
				BDB61B4C2A2B2FC50028C0F2 /* WeatherView.swift in Sources */,
				BDB61B592A2B311E0028C0F2 /* WeatherViewModel.swift in Sources */,
				BDB61B4A2A2B2FC50028C0F2 /* WeatherAppSwiftUIApp.swift in Sources */,
			);
			runOnlyForDeploymentPostprocessing = 0;
		};
/* End PBXSourcesBuildPhase section */

/* Begin XCBuildConfiguration section */
		BDB61B522A2B2FC70028C0F2 /* Debug */ = {
			isa = XCBuildConfiguration;
			buildSettings = {
				ALWAYS_SEARCH_USER_PATHS = NO;
				CLANG_ANALYZER_NONNULL = YES;
				CLANG_ANALYZER_NUMBER_OBJECT_CONVERSION = YES_AGGRESSIVE;
				CLANG_CXX_LANGUAGE_STANDARD = "gnu++20";
				CLANG_ENABLE_MODULES = YES;
				CLANG_ENABLE_OBJC_ARC = YES;
				CLANG_ENABLE_OBJC_WEAK = YES;
				CLANG_WARN_BLOCK_CAPTURE_AUTORELEASING = YES;
				CLANG_WARN_BOOL_CONVERSION = YES;
				CLANG_WARN_COMMA = YES;
				CLANG_WARN_CONSTANT_CONVERSION = YES;
				CLANG_WARN_DEPRECATED_OBJC_IMPLEMENTATIONS = YES;
				CLANG_WARN_DIRECT_OBJC_ISA_USAGE = YES_ERROR;
				CLANG_WARN_DOCUMENTATION_COMMENTS = YES;
				CLANG_WARN_EMPTY_BODY = YES;
				CLANG_WARN_ENUM_CONVERSION = YES;
				CLANG_WARN_INFINITE_RECURSION = YES;
				CLANG_WARN_INT_CONVERSION = YES;
				CLANG_WARN_NON_LITERAL_NULL_CONVERSION = YES;
				CLANG_WARN_OBJC_IMPLICIT_RETAIN_SELF = YES;
				CLANG_WARN_OBJC_LITERAL_CONVERSION = YES;
				CLANG_WARN_OBJC_ROOT_CLASS = YES_ERROR;
				CLANG_WARN_QUOTED_INCLUDE_IN_FRAMEWORK_HEADER = YES;
				CLANG_WARN_RANGE_LOOP_ANALYSIS = YES;
				CLANG_WARN_STRICT_PROTOTYPES = YES;
				CLANG_WARN_SUSPICIOUS_MOVE = YES;
				CLANG_WARN_UNGUARDED_AVAILABILITY = YES_AGGRESSIVE;
				CLANG_WARN_UNREACHABLE_CODE = YES;
				CLANG_WARN__DUPLICATE_METHOD_MATCH = YES;
				COPY_PHASE_STRIP = NO;
				DEBUG_INFORMATION_FORMAT = dwarf;
				ENABLE_STRICT_OBJC_MSGSEND = YES;
				ENABLE_TESTABILITY = YES;
				GCC_C_LANGUAGE_STANDARD = gnu11;
				GCC_DYNAMIC_NO_PIC = NO;
				GCC_NO_COMMON_BLOCKS = YES;
				GCC_OPTIMIZATION_LEVEL = 0;
				GCC_PREPROCESSOR_DEFINITIONS = (
					"DEBUG=1",
					"$(inherited)",
				);
				GCC_WARN_64_TO_32_BIT_CONVERSION = YES;
				GCC_WARN_ABOUT_RETURN_TYPE = YES_ERROR;
				GCC_WARN_UNDECLARED_SELECTOR = YES;
				GCC_WARN_UNINITIALIZED_AUTOS = YES_AGGRESSIVE;
				GCC_WARN_UNUSED_FUNCTION = YES;
				GCC_WARN_UNUSED_VARIABLE = YES;
				IPHONEOS_DEPLOYMENT_TARGET = 16.4;
				MTL_ENABLE_DEBUG_INFO = INCLUDE_SOURCE;
				MTL_FAST_MATH = YES;
				ONLY_ACTIVE_ARCH = YES;
				SDKROOT = iphoneos;
				SWIFT_ACTIVE_COMPILATION_CONDITIONS = DEBUG;
				SWIFT_OPTIMIZATION_LEVEL = "-Onone";
			};
			name = Debug;
		};
		BDB61B532A2B2FC70028C0F2 /* Release */ = {
			isa = XCBuildConfiguration;
			buildSettings = {
				ALWAYS_SEARCH_USER_PATHS = NO;
				CLANG_ANALYZER_NONNULL = YES;
				CLANG_ANALYZER_NUMBER_OBJECT_CONVERSION = YES_AGGRESSIVE;
				CLANG_CXX_LANGUAGE_STANDARD = "gnu++20";
				CLANG_ENABLE_MODULES = YES;
				CLANG_ENABLE_OBJC_ARC = YES;
				CLANG_ENABLE_OBJC_WEAK = YES;
				CLANG_WARN_BLOCK_CAPTURE_AUTORELEASING = YES;
				CLANG_WARN_BOOL_CONVERSION = YES;
				CLANG_WARN_COMMA = YES;
				CLANG_WARN_CONSTANT_CONVERSION = YES;
				CLANG_WARN_DEPRECATED_OBJC_IMPLEMENTATIONS = YES;
				CLANG_WARN_DIRECT_OBJC_ISA_USAGE = YES_ERROR;
				CLANG_WARN_DOCUMENTATION_COMMENTS = YES;
				CLANG_WARN_EMPTY_BODY = YES;
				CLANG_WARN_ENUM_CONVERSION = YES;
				CLANG_WARN_INFINITE_RECURSION = YES;
				CLANG_WARN_INT_CONVERSION = YES;
				CLANG_WARN_NON_LITERAL_NULL_CONVERSION = YES;
				CLANG_WARN_OBJC_IMPLICIT_RETAIN_SELF = YES;
				CLANG_WARN_OBJC_LITERAL_CONVERSION = YES;
				CLANG_WARN_OBJC_ROOT_CLASS = YES_ERROR;
				CLANG_WARN_QUOTED_INCLUDE_IN_FRAMEWORK_HEADER = YES;
				CLANG_WARN_RANGE_LOOP_ANALYSIS = YES;
				CLANG_WARN_STRICT_PROTOTYPES = YES;
				CLANG_WARN_SUSPICIOUS_MOVE = YES;
				CLANG_WARN_UNGUARDED_AVAILABILITY = YES_AGGRESSIVE;
				CLANG_WARN_UNREACHABLE_CODE = YES;
				CLANG_WARN__DUPLICATE_METHOD_MATCH = YES;
				COPY_PHASE_STRIP = NO;
				DEBUG_INFORMATION_FORMAT = "dwarf-with-dsym";
				ENABLE_NS_ASSERTIONS = NO;
				ENABLE_STRICT_OBJC_MSGSEND = YES;
				GCC_C_LANGUAGE_STANDARD = gnu11;
				GCC_NO_COMMON_BLOCKS = YES;
				GCC_WARN_64_TO_32_BIT_CONVERSION = YES;
				GCC_WARN_ABOUT_RETURN_TYPE = YES_ERROR;
				GCC_WARN_UNDECLARED_SELECTOR = YES;
				GCC_WARN_UNINITIALIZED_AUTOS = YES_AGGRESSIVE;
				GCC_WARN_UNUSED_FUNCTION = YES;
				GCC_WARN_UNUSED_VARIABLE = YES;
				IPHONEOS_DEPLOYMENT_TARGET = 16.4;
				MTL_ENABLE_DEBUG_INFO = NO;
				MTL_FAST_MATH = YES;
				SDKROOT = iphoneos;
				SWIFT_COMPILATION_MODE = wholemodule;
				SWIFT_OPTIMIZATION_LEVEL = "-O";
				VALIDATE_PRODUCT = YES;
			};
			name = Release;
		};
		BDB61B552A2B2FC70028C0F2 /* Debug */ = {
			isa = XCBuildConfiguration;
			buildSettings = {
				ASSETCATALOG_COMPILER_APPICON_NAME = AppIcon;
				ASSETCATALOG_COMPILER_GLOBAL_ACCENT_COLOR_NAME = AccentColor;
				CODE_SIGN_STYLE = Automatic;
				CURRENT_PROJECT_VERSION = 1;
				DEVELOPMENT_ASSET_PATHS = "\"WeatherAppSwiftUI/Preview Content\"";
				DEVELOPMENT_TEAM = VPJ4257952;
				ENABLE_PREVIEWS = YES;
				GENERATE_INFOPLIST_FILE = YES;
				INFOPLIST_FILE = WeatherAppSwiftUI/Info.plist;
				INFOPLIST_KEY_UIApplicationSceneManifest_Generation = YES;
				INFOPLIST_KEY_UIApplicationSupportsIndirectInputEvents = YES;
				INFOPLIST_KEY_UISupportedInterfaceOrientations_iPad = "UIInterfaceOrientationPortrait UIInterfaceOrientationPortraitUpsideDown UIInterfaceOrientationLandscapeLeft UIInterfaceOrientationLandscapeRight";
				INFOPLIST_KEY_UISupportedInterfaceOrientations_iPhone = "UIInterfaceOrientationPortrait UIInterfaceOrientationLandscapeLeft UIInterfaceOrientationLandscapeRight";
				LD_RUNPATH_SEARCH_PATHS = (
					"$(inherited)",
					"@executable_path/Frameworks",
				);
				MARKETING_VERSION = 1.0;
				PRODUCT_BUNDLE_IDENTIFIER = com.jamoliddinovabdu.WeatherAppSwiftUI;
				PRODUCT_NAME = "$(TARGET_NAME)";
				SWIFT_EMIT_LOC_STRINGS = YES;
				SWIFT_VERSION = 5.0;
				TARGETED_DEVICE_FAMILY = "1,2";
			};
			name = Debug;
		};
		BDB61B562A2B2FC70028C0F2 /* Release */ = {
			isa = XCBuildConfiguration;
			buildSettings = {
				ASSETCATALOG_COMPILER_APPICON_NAME = AppIcon;
				ASSETCATALOG_COMPILER_GLOBAL_ACCENT_COLOR_NAME = AccentColor;
				CODE_SIGN_STYLE = Automatic;
				CURRENT_PROJECT_VERSION = 1;
				DEVELOPMENT_ASSET_PATHS = "\"WeatherAppSwiftUI/Preview Content\"";
				DEVELOPMENT_TEAM = VPJ4257952;
				ENABLE_PREVIEWS = YES;
				GENERATE_INFOPLIST_FILE = YES;
				INFOPLIST_FILE = WeatherAppSwiftUI/Info.plist;
				INFOPLIST_KEY_UIApplicationSceneManifest_Generation = YES;
				INFOPLIST_KEY_UIApplicationSupportsIndirectInputEvents = YES;
				INFOPLIST_KEY_UISupportedInterfaceOrientations_iPad = "UIInterfaceOrientationPortrait UIInterfaceOrientationPortraitUpsideDown UIInterfaceOrientationLandscapeLeft UIInterfaceOrientationLandscapeRight";
				INFOPLIST_KEY_UISupportedInterfaceOrientations_iPhone = "UIInterfaceOrientationPortrait UIInterfaceOrientationLandscapeLeft UIInterfaceOrientationLandscapeRight";
				LD_RUNPATH_SEARCH_PATHS = (
					"$(inherited)",
					"@executable_path/Frameworks",
				);
				MARKETING_VERSION = 1.0;
				PRODUCT_BUNDLE_IDENTIFIER = com.jamoliddinovabdu.WeatherAppSwiftUI;
				PRODUCT_NAME = "$(TARGET_NAME)";
				SWIFT_EMIT_LOC_STRINGS = YES;
				SWIFT_VERSION = 5.0;
				TARGETED_DEVICE_FAMILY = "1,2";
			};
			name = Release;
		};
/* End XCBuildConfiguration section */

/* Begin XCConfigurationList section */
		BDB61B412A2B2FC50028C0F2 /* Build configuration list for PBXProject "WeatherAppSwiftUI" */ = {
			isa = XCConfigurationList;
			buildConfigurations = (
				BDB61B522A2B2FC70028C0F2 /* Debug */,
				BDB61B532A2B2FC70028C0F2 /* Release */,
			);
			defaultConfigurationIsVisible = 0;
			defaultConfigurationName = Release;
		};
		BDB61B542A2B2FC70028C0F2 /* Build configuration list for PBXNativeTarget "WeatherAppSwiftUI" */ = {
			isa = XCConfigurationList;
			buildConfigurations = (
				BDB61B552A2B2FC70028C0F2 /* Debug */,
				BDB61B562A2B2FC70028C0F2 /* Release */,
			);
			defaultConfigurationIsVisible = 0;
			defaultConfigurationName = Release;
		};
/* End XCConfigurationList section */
	};
	rootObject = BDB61B3E2A2B2FC50028C0F2 /* Project object */;
}
